
Microsoft Visual Studio Solution File, Format Version 12.00
# Visual Studio 15
VisualStudioVersion = 15.0.27130.2024
MinimumVisualStudioVersion = 10.0.40219.1
Project("{FAE04EC0-301F-11D3-BF4B-00C04F79EFBC}") = "OpenCV", "OpenCV\OpenCV.csproj", "{4D203759-997F-49FB-BBCC-73D94CFA384E}"
EndProject
Global
	GlobalSection(SolutionConfigurationPlatforms) = preSolution
		Debug|Any CPU = Debug|Any CPU
		Release|Any CPU = Release|Any CPU
	EndGlobalSection
	GlobalSection(ProjectConfigurationPlatforms) = postSolution
		{4D203759-997F-49FB-BBCC-73D94CFA384E}.Debug|Any CPU.ActiveCfg = Debug|Any CPU
		{4D203759-997F-49FB-BBCC-73D94CFA384E}.Debug|Any CPU.Build.0 = Debug|Any CPU
		{4D203759-997F-49FB-BBCC-73D94CFA384E}.Release|Any CPU.ActiveCfg = Release|Any CPU
		{4D203759-997F-49FB-BBCC-73D94CFA384E}.Release|Any CPU.Build.0 = Release|Any CPU
	EndGlobalSection
	GlobalSection(SolutionProperties) = preSolution
		HideSolutionNode = FALSE
	EndGlobalSection
	GlobalSection(ExtensibilityGlobals) = postSolution
		SolutionGuid = {DBEE667F-D9BF-46EE-95F4-E4982CA47273}
	EndGlobalSection
EndGlobal
